
Microsoft Visual Studio Solution File, Format Version 12.00
# Visual Studio Version 17
VisualStudioVersion = 17.0.31903.59
MinimumVisualStudioVersion = 10.0.40219.1
Project("{2150E333-8FDC-42A3-9474-1A3956D46DE8}") = "src", "src", "{827E0CD3-B72D-47B6-A68D-7590B98EB39B}"
EndProject
Project("{FAE04EC0-301F-11D3-BF4B-00C04F79EFBC}") = "YsEdu.Core", "src\YsEdu.Core\YsEdu.Core.csproj", "{392EA3C4-D4B4-46D3-B382-493B62247544}"
EndProject
Project("{FAE04EC0-301F-11D3-BF4B-00C04F79EFBC}") = "YsEdu.Middleware", "src\YsEdu.Middleware\YsEdu.Middleware.csproj", "{070DA417-6184-4F7A-8B07-0BB05C9F7C0C}"
EndProject
Project("{FAE04EC0-301F-11D3-BF4B-00C04F79EFBC}") = "YsEdu.Simulator", "src\YsEdu.Simulator\YsEdu.Simulator.csproj", "{6B17F715-CB36-4652-BCF3-409A52BB6E28}"
EndProject
Project("{FAE04EC0-301F-11D3-BF4B-00C04F79EFBC}") = "YsEdu.Viewer", "src\YsEdu.Viewer\YsEdu.Viewer.csproj", "{EDD15C47-C022-4C79-A6F7-8B163A5ECCF1}"
EndProject
Project("{FAE04EC0-301F-11D3-BF4B-00C04F79EFBC}") = "YsEdu.ScenarioTest", "tests\YsEdu.ScenarioTest\YsEdu.ScenarioTest.csproj", "{F5EB85A2-C6E2-47F6-A0F8-95F5EF68DEB1}"
EndProject
Global
	GlobalSection(SolutionConfigurationPlatforms) = preSolution
		Debug|Any CPU = Debug|Any CPU
		Debug|x64 = Debug|x64
		Debug|x86 = Debug|x86
		Release|Any CPU = Release|Any CPU
		Release|x64 = Release|x64
		Release|x86 = Release|x86
	EndGlobalSection
	GlobalSection(ProjectConfigurationPlatforms) = postSolution
		{392EA3C4-D4B4-46D3-B382-493B62247544}.Debug|Any CPU.ActiveCfg = Debug|Any CPU
		{392EA3C4-D4B4-46D3-B382-493B62247544}.Debug|Any CPU.Build.0 = Debug|Any CPU
		{392EA3C4-D4B4-46D3-B382-493B62247544}.Debug|x64.ActiveCfg = Debug|Any CPU
		{392EA3C4-D4B4-46D3-B382-493B62247544}.Debug|x64.Build.0 = Debug|Any CPU
		{392EA3C4-D4B4-46D3-B382-493B62247544}.Debug|x86.ActiveCfg = Debug|Any CPU
		{392EA3C4-D4B4-46D3-B382-493B62247544}.Debug|x86.Build.0 = Debug|Any CPU
		{392EA3C4-D4B4-46D3-B382-493B62247544}.Release|Any CPU.ActiveCfg = Release|Any CPU
		{392EA3C4-D4B4-46D3-B382-493B62247544}.Release|Any CPU.Build.0 = Release|Any CPU
		{392EA3C4-D4B4-46D3-B382-493B62247544}.Release|x64.ActiveCfg = Release|Any CPU
		{392EA3C4-D4B4-46D3-B382-493B62247544}.Release|x64.Build.0 = Release|Any CPU
		{392EA3C4-D4B4-46D3-B382-493B62247544}.Release|x86.ActiveCfg = Release|Any CPU
		{392EA3C4-D4B4-46D3-B382-493B62247544}.Release|x86.Build.0 = Release|Any CPU
		{070DA417-6184-4F7A-8B07-0BB05C9F7C0C}.Debug|Any CPU.ActiveCfg = Debug|Any CPU
		{070DA417-6184-4F7A-8B07-0BB05C9F7C0C}.Debug|Any CPU.Build.0 = Debug|Any CPU
		{070DA417-6184-4F7A-8B07-0BB05C9F7C0C}.Debug|x64.ActiveCfg = Debug|Any CPU
		{070DA417-6184-4F7A-8B07-0BB05C9F7C0C}.Debug|x64.Build.0 = Debug|Any CPU
		{070DA417-6184-4F7A-8B07-0BB05C9F7C0C}.Debug|x86.ActiveCfg = Debug|Any CPU
		{070DA417-6184-4F7A-8B07-0BB05C9F7C0C}.Debug|x86.Build.0 = Debug|Any CPU
		{070DA417-6184-4F7A-8B07-0BB05C9F7C0C}.Release|Any CPU.ActiveCfg = Release|Any CPU
		{070DA417-6184-4F7A-8B07-0BB05C9F7C0C}.Release|Any CPU.Build.0 = Release|Any CPU
		{070DA417-6184-4F7A-8B07-0BB05C9F7C0C}.Release|x64.ActiveCfg = Release|Any CPU
		{070DA417-6184-4F7A-8B07-0BB05C9F7C0C}.Release|x64.Build.0 = Release|Any CPU
		{070DA417-6184-4F7A-8B07-0BB05C9F7C0C}.Release|x86.ActiveCfg = Release|Any CPU
		{070DA417-6184-4F7A-8B07-0BB05C9F7C0C}.Release|x86.Build.0 = Release|Any CPU
		{6B17F715-CB36-4652-BCF3-409A52BB6E28}.Debug|Any CPU.ActiveCfg = Debug|Any CPU
		{6B17F715-CB36-4652-BCF3-409A52BB6E28}.Debug|Any CPU.Build.0 = Debug|Any CPU
		{6B17F715-CB36-4652-BCF3-409A52BB6E28}.Debug|x64.ActiveCfg = Debug|Any CPU
		{6B17F715-CB36-4652-BCF3-409A52BB6E28}.Debug|x64.Build.0 = Debug|Any CPU
		{6B17F715-CB36-4652-BCF3-409A52BB6E28}.Debug|x86.ActiveCfg = Debug|Any CPU
		{6B17F715-CB36-4652-BCF3-409A52BB6E28}.Debug|x86.Build.0 = Debug|Any CPU
		{6B17F715-CB36-4652-BCF3-409A52BB6E28}.Release|Any CPU.ActiveCfg = Release|Any CPU
		{6B17F715-CB36-4652-BCF3-409A52BB6E28}.Release|Any CPU.Build.0 = Release|Any CPU
		{6B17F715-CB36-4652-BCF3-409A52BB6E28}.Release|x64.ActiveCfg = Release|Any CPU
		{6B17F715-CB36-4652-BCF3-409A52BB6E28}.Release|x64.Build.0 = Release|Any CPU
		{6B17F715-CB36-4652-BCF3-409A52BB6E28}.Release|x86.ActiveCfg = Release|Any CPU
		{6B17F715-CB36-4652-BCF3-409A52BB6E28}.Release|x86.Build.0 = Release|Any CPU
		{EDD15C47-C022-4C79-A6F7-8B163A5ECCF1}.Debug|Any CPU.ActiveCfg = Debug|Any CPU
		{EDD15C47-C022-4C79-A6F7-8B163A5ECCF1}.Debug|Any CPU.Build.0 = Debug|Any CPU
		{EDD15C47-C022-4C79-A6F7-8B163A5ECCF1}.Debug|x64.ActiveCfg = Debug|Any CPU
		{EDD15C47-C022-4C79-A6F7-8B163A5ECCF1}.Debug|x64.Build.0 = Debug|Any CPU
		{EDD15C47-C022-4C79-A6F7-8B163A5ECCF1}.Debug|x86.ActiveCfg = Debug|Any CPU
		{EDD15C47-C022-4C79-A6F7-8B163A5ECCF1}.Debug|x86.Build.0 = Debug|Any CPU
		{EDD15C47-C022-4C79-A6F7-8B163A5ECCF1}.Release|Any CPU.ActiveCfg = Release|Any CPU
		{EDD15C47-C022-4C79-A6F7-8B163A5ECCF1}.Release|Any CPU.Build.0 = Release|Any CPU
		{EDD15C47-C022-4C79-A6F7-8B163A5ECCF1}.Release|x64.ActiveCfg = Release|Any CPU
		{EDD15C47-C022-4C79-A6F7-8B163A5ECCF1}.Release|x64.Build.0 = Release|Any CPU
		{EDD15C47-C022-4C79-A6F7-8B163A5ECCF1}.Release|x86.ActiveCfg = Release|Any CPU
		{EDD15C47-C022-4C79-A6F7-8B163A5ECCF1}.Release|x86.Build.0 = Release|Any CPU
		{F5EB85A2-C6E2-47F6-A0F8-95F5EF68DEB1}.Debug|Any CPU.ActiveCfg = Debug|Any CPU
		{F5EB85A2-C6E2-47F6-A0F8-95F5EF68DEB1}.Debug|Any CPU.Build.0 = Debug|Any CPU
		{F5EB85A2-C6E2-47F6-A0F8-95F5EF68DEB1}.Debug|x64.ActiveCfg = Debug|Any CPU
		{F5EB85A2-C6E2-47F6-A0F8-95F5EF68DEB1}.Debug|x64.Build.0 = Debug|Any CPU
		{F5EB85A2-C6E2-47F6-A0F8-95F5EF68DEB1}.Debug|x86.ActiveCfg = Debug|Any CPU
		{F5EB85A2-C6E2-47F6-A0F8-95F5EF68DEB1}.Debug|x86.Build.0 = Debug|Any CPU
		{F5EB85A2-C6E2-47F6-A0F8-95F5EF68DEB1}.Release|Any CPU.ActiveCfg = Release|Any CPU
		{F5EB85A2-C6E2-47F6-A0F8-95F5EF68DEB1}.Release|Any CPU.Build.0 = Release|Any CPU
		{F5EB85A2-C6E2-47F6-A0F8-95F5EF68DEB1}.Release|x64.ActiveCfg = Release|Any CPU
		{F5EB85A2-C6E2-47F6-A0F8-95F5EF68DEB1}.Release|x64.Build.0 = Release|Any CPU
		{F5EB85A2-C6E2-47F6-A0F8-95F5EF68DEB1}.Release|x86.ActiveCfg = Release|Any CPU
		{F5EB85A2-C6E2-47F6-A0F8-95F5EF68DEB1}.Release|x86.Build.0 = Release|Any CPU
	EndGlobalSection
	GlobalSection(SolutionProperties) = preSolution
		HideSolutionNode = FALSE
	EndGlobalSection
	GlobalSection(NestedProjects) = preSolution
		{392EA3C4-D4B4-46D3-B382-493B62247544} = {827E0CD3-B72D-47B6-A68D-7590B98EB39B}
		{070DA417-6184-4F7A-8B07-0BB05C9F7C0C} = {827E0CD3-B72D-47B6-A68D-7590B98EB39B}
		{6B17F715-CB36-4652-BCF3-409A52BB6E28} = {827E0CD3-B72D-47B6-A68D-7590B98EB39B}
		{EDD15C47-C022-4C79-A6F7-8B163A5ECCF1} = {827E0CD3-B72D-47B6-A68D-7590B98EB39B}
		{F5EB85A2-C6E2-47F6-A0F8-95F5EF68DEB1} = {827E0CD3-B72D-47B6-A68D-7590B98EB39B}
	EndGlobalSection
EndGlobal
