
Microsoft Visual Studio Solution File, Format Version 12.00
# Visual Studio Version 17
VisualStudioVersion = 17.14.37710.0 d17.14
MinimumVisualStudioVersion = 10.0.40219.1
Project("{FAE04EC0-301F-11D3-BF4B-00C04F79EFBC}") = "fdcapp", "fdcapp.csproj", "{3069B993-0180-4838-8524-BD7882A53068}"
EndProject
Global
	GlobalSection(SolutionConfigurationPlatforms) = preSolution
		Debug|Any CPU = Debug|Any CPU
		Release|Any CPU = Release|Any CPU
	EndGlobalSection
	GlobalSection(ProjectConfigurationPlatforms) = postSolution
		{3069B993-0180-4838-8524-BD7882A53068}.Debug|Any CPU.ActiveCfg = Debug|Any CPU
		{3069B993-0180-4838-8524-BD7882A53068}.Debug|Any CPU.Build.0 = Debug|Any CPU
		{3069B993-0180-4838-8524-BD7882A53068}.Release|Any CPU.ActiveCfg = Release|Any CPU
		{3069B993-0180-4838-8524-BD7882A53068}.Release|Any CPU.Build.0 = Release|Any CPU
	EndGlobalSection
	GlobalSection(SolutionProperties) = preSolution
		HideSolutionNode = FALSE
	EndGlobalSection
	GlobalSection(ExtensibilityGlobals) = postSolution
		SolutionGuid = {A7B20DA1-6150-4327-B4C5-D3BBB8A420B6}
	EndGlobalSection
EndGlobal
